
Microsoft Visual Studio Solution File, Format Version 12.00
# Visual Studio Version 17
VisualStudioVersion = 17.13.35825.156 d17.13
MinimumVisualStudioVersion = 10.0.40219.1
Project("{FAE04EC0-301F-11D3-BF4B-00C04F79EFBC}") = "dotnet-lab4-blazor", "dotnet-lab4-blazor\dotnet-lab4-blazor.csproj", "{FBFB839B-E145-497D-931C-712E5E58A229}"
EndProject
Global
	GlobalSection(SolutionConfigurationPlatforms) = preSolution
		Debug|Any CPU = Debug|Any CPU
		Release|Any CPU = Release|Any CPU
	EndGlobalSection
	GlobalSection(ProjectConfigurationPlatforms) = postSolution
		{FBFB839B-E145-497D-931C-712E5E58A229}.Debug|Any CPU.ActiveCfg = Debug|Any CPU
		{FBFB839B-E145-497D-931C-712E5E58A229}.Debug|Any CPU.Build.0 = Debug|Any CPU
		{FBFB839B-E145-497D-931C-712E5E58A229}.Release|Any CPU.ActiveCfg = Release|Any CPU
		{FBFB839B-E145-497D-931C-712E5E58A229}.Release|Any CPU.Build.0 = Release|Any CPU
	EndGlobalSection
	GlobalSection(SolutionProperties) = preSolution
		HideSolutionNode = FALSE
	EndGlobalSection
	GlobalSection(ExtensibilityGlobals) = postSolution
		SolutionGuid = {F52AE9F5-40B2-40B0-A5F3-E3969C6CF2FF}
	EndGlobalSection
EndGlobal
